{
    "_meta": {
        "hash": {
            "sha256": "7527ce3b4e2d02eb3b69f53854253cac47665870b607a6a3508819c9a6e48f5b"
        },
        "pipfile-spec": 6,
        "requires": {},
        "sources": [
            {
                "name": "pypi",
                "url": "https://pypi.org/simple",
                "verify_ssl": true
            }
        ]
    },
    "default": {
        "attrs": {
            "hashes": [
                "sha256:08a96c641c3a74e44eb59afb61a24f2cb9f4d7188748e76ba4bb5edfa3cb7d1c",
                "sha256:f7b7ce16570fe9965acd6d30101a28f62fb4a7f9e926b3bbc9b61f8b04247e72"
            ],
            "version": "==19.3.0"
        },
        "backcall": {
            "hashes": [
                "sha256:38ecd85be2c1e78f77fd91700c76e14667dc21e2713b63876c0eb901196e01e4",
                "sha256:bbbf4b1e5cd2bdb08f915895b51081c041bac22394fdfcfdfbe9f14b77c08bf2"
            ],
            "version": "==0.1.0"
        },
        "bleach": {
            "hashes": [
                "sha256:53165a6596e7899c4338d847315fec508110a53bd6fd15c127c2e0d0860264e3",
                "sha256:f8dfd8a7e26443e986c4e44df31870da8e906ea61096af06ba5d5cc2d519842a"
            ],
            "version": "==3.1.3"
        },
        "certifi": {
            "hashes": [
                "sha256:017c25db2a153ce562900032d5bc68e9f191e44e9a0f762f373977de9df1fbb3",
                "sha256:25b64c7da4cd7479594d035c08c2d809eb4aab3a26e5a990ea98cc450c320f1f"
            ],
            "version": "==2019.11.28"
        },
        "chardet": {
            "hashes": [
                "sha256:84ab92ed1c4d4f16916e05906b6b75a6c0fb5db821cc65e70cbd64a3e2a5eaae",
                "sha256:fc323ffcaeaed0e0a02bf4d117757b98aed530d9ed4531e3e15460124c106691"
            ],
            "version": "==3.0.4"
        },
        "decorator": {
            "hashes": [
                "sha256:41fa54c2a0cc4ba648be4fd43cff00aedf5b9465c9bf18d64325bc225f08f760",
                "sha256:e3a62f0520172440ca0dcc823749319382e377f37f140a0b99ef45fecb84bfe7"
            ],
            "version": "==4.4.2"
        },
        "defusedxml": {
            "hashes": [
                "sha256:6687150770438374ab581bb7a1b327a847dd9c5749e396102de3fad4e8a3ef93",
                "sha256:f684034d135af4c6cbb949b8a4d2ed61634515257a67299e5f940fbaa34377f5"
            ],
            "version": "==0.6.0"
        },
        "diff-match-patch": {
            "hashes": [
                "sha256:a809a996d0f09b9bbd59e9bbd0b71eed8c807922512910e05cbd3f9480712ddb"
            ],
            "index": "pypi",
            "version": "==20181111"
        },
        "entrypoints": {
            "hashes": [
                "sha256:589f874b313739ad35be6e0cd7efde2a4e9b6fea91edcc34e58ecbb8dbe56d19",
                "sha256:c70dd71abe5a8c85e55e12c19bd91ccfeec11a6e99044204511f9ed547d48451"
            ],
            "version": "==0.3"
        },
        "idna": {
            "hashes": [
                "sha256:c357b3f628cf53ae2c4c05627ecc484553142ca23264e593d327bcde5e9c3407",
                "sha256:ea8b7f6188e6fa117537c3df7da9fc686d485087abf6ac197f9c46432f7e4a3c"
            ],
            "version": "==2.8"
        },
        "ipykernel": {
            "hashes": [
                "sha256:37c65d2e2da3326e5cf114405df6d47d997b8a3eba99e2cc4b75833bf71a5e18",
                "sha256:39746b5f7d847a23fae4eac893e63e3d9cc5f8c3a4797fcd3bfa8d1a296ec6ed"
            ],
            "version": "==5.2.0"
        },
        "ipython": {
            "hashes": [
                "sha256:dfd303b270b7b5232b3d08bd30ec6fd685d8a58cabd54055e3d69d8f029f7280",
                "sha256:ed7ebe1cba899c1c3ccad6f7f1c2d2369464cc77dba8eebc65e2043e19cda995"
            ],
            "index": "pypi",
            "version": "==7.9.0"
        },
        "ipython-genutils": {
            "hashes": [
                "sha256:72dd37233799e619666c9f639a9da83c34013a73e8bbc79a7a6348d93c61fab8",
                "sha256:eb2e116e75ecef9d4d228fdc66af54269afa26ab4463042e33785b887c628ba8"
            ],
            "version": "==0.2.0"
        },
        "jedi": {
            "hashes": [
                "sha256:b4f4052551025c6b0b0b193b29a6ff7bdb74c52450631206c262aef9f7159ad2",
                "sha256:d5c871cb9360b414f981e7072c52c33258d598305280fef91c6cae34739d65d5"
            ],
            "version": "==0.16.0"
        },
        "jinja2": {
            "hashes": [
                "sha256:93187ffbc7808079673ef52771baa950426fd664d3aad1d0fa3e95644360e250",
                "sha256:b0eaf100007721b5c16c1fc1eecb87409464edc10469ddc9a22a27a99123be49"
            ],
            "version": "==2.11.1"
        },
        "json5": {
            "hashes": [
                "sha256:c24ea55fea5823240c8a3fbd85aa959ccf4127d0e28a95c55e3a4e1f97495946",
                "sha256:ed357b4faf8e86829ef00d61b28ceedd3b29eeb7c24feb5d1bb22d69cfcc282f"
            ],
            "version": "==0.9.3"
        },
        "jsonschema": {
            "hashes": [
                "sha256:4e5b3cf8216f577bee9ce139cbe72eca3ea4f292ec60928ff24758ce626cd163",
                "sha256:c8a85b28d377cc7737e46e2d9f2b4f44ee3c0e1deac6bf46ddefc7187d30797a"
            ],
            "version": "==3.2.0"
        },
        "jupyter-client": {
            "hashes": [
                "sha256:589dcfb409717cc1baaae5e3d2f7b7f5920763bf039adf4a741aee17e44947af",
                "sha256:61429e7d2c4b385135d31054944dd3f23a1c6affb0ca3d4328d42fc9ba82b7f5"
            ],
            "version": "==6.1.0"
        },
        "jupyter-core": {
            "hashes": [
                "sha256:394fd5dd787e7c8861741880bdf8a00ce39f95de5d18e579c74b882522219e7e",
                "sha256:a4ee613c060fe5697d913416fc9d553599c05e4492d58fac1192c9a6844abb21"
            ],
            "version": "==4.6.3"
        },
        "jupyterlab": {
            "hashes": [
                "sha256:5d1a833a9e49e6d90d68191917cb16a97ff4ec668c26c85d33ebce629df14141",
                "sha256:7c0a777aae68bc11c2a772d4c1e32c1f2a15388a3fb4fd43fa621e2261c368e9"
            ],
            "index": "pypi",
            "version": "==2.0.1"
        },
        "jupyterlab-server": {
            "hashes": [
                "sha256:12381712f2e70b68442c03046b3afa6483dad4ccae9f47673ffe8a808cefd8e2",
                "sha256:d554d3660049bd1495b190e63a96e06a2707a59936dd58ba3ec1dfe64775987e"
            ],
            "version": "==1.0.7"
        },
        "markupsafe": {
            "hashes": [
                "sha256:00bc623926325b26bb9605ae9eae8a215691f33cae5df11ca5424f06f2d1f473",
                "sha256:09027a7803a62ca78792ad89403b1b7a73a01c8cb65909cd876f7fcebd79b161",
                "sha256:09c4b7f37d6c648cb13f9230d847adf22f8171b1ccc4d5682398e77f40309235",
                "sha256:1027c282dad077d0bae18be6794e6b6b8c91d58ed8a8d89a89d59693b9131db5",
                "sha256:13d3144e1e340870b25e7b10b98d779608c02016d5184cfb9927a9f10c689f42",
                "sha256:24982cc2533820871eba85ba648cd53d8623687ff11cbb805be4ff7b4c971aff",
                "sha256:29872e92839765e546828bb7754a68c418d927cd064fd4708fab9fe9c8bb116b",
                "sha256:43a55c2930bbc139570ac2452adf3d70cdbb3cfe5912c71cdce1c2c6bbd9c5d1",
                "sha256:46c99d2de99945ec5cb54f23c8cd5689f6d7177305ebff350a58ce5f8de1669e",
                "sha256:500d4957e52ddc3351cabf489e79c91c17f6e0899158447047588650b5e69183",
                "sha256:535f6fc4d397c1563d08b88e485c3496cf5784e927af890fb3c3aac7f933ec66",
                "sha256:596510de112c685489095da617b5bcbbac7dd6384aeebeda4df6025d0256a81b",
                "sha256:62fe6c95e3ec8a7fad637b7f3d372c15ec1caa01ab47926cfdf7a75b40e0eac1",
                "sha256:6788b695d50a51edb699cb55e35487e430fa21f1ed838122d722e0ff0ac5ba15",
                "sha256:6dd73240d2af64df90aa7c4e7481e23825ea70af4b4922f8ede5b9e35f78a3b1",
                "sha256:717ba8fe3ae9cc0006d7c451f0bb265ee07739daf76355d06366154ee68d221e",
                "sha256:79855e1c5b8da654cf486b830bd42c06e8780cea587384cf6545b7d9ac013a0b",
                "sha256:7c1699dfe0cf8ff607dbdcc1e9b9af1755371f92a68f706051cc8c37d447c905",
                "sha256:88e5fcfb52ee7b911e8bb6d6aa2fd21fbecc674eadd44118a9cc3863f938e735",
                "sha256:8defac2f2ccd6805ebf65f5eeb132adcf2ab57aa11fdf4c0dd5169a004710e7d",
                "sha256:98c7086708b163d425c67c7a91bad6e466bb99d797aa64f965e9d25c12111a5e",
                "sha256:9add70b36c5666a2ed02b43b335fe19002ee5235efd4b8a89bfcf9005bebac0d",
                "sha256:9bf40443012702a1d2070043cb6291650a0841ece432556f784f004937f0f32c",
                "sha256:ade5e387d2ad0d7ebf59146cc00c8044acbd863725f887353a10df825fc8ae21",
                "sha256:b00c1de48212e4cc9603895652c5c410df699856a2853135b3967591e4beebc2",
                "sha256:b1282f8c00509d99fef04d8ba936b156d419be841854fe901d8ae224c59f0be5",
                "sha256:b2051432115498d3562c084a49bba65d97cf251f5a331c64a12ee7e04dacc51b",
                "sha256:ba59edeaa2fc6114428f1637ffff42da1e311e29382d81b339c1817d37ec93c6",
                "sha256:c8716a48d94b06bb3b2524c2b77e055fb313aeb4ea620c8dd03a105574ba704f",
                "sha256:cd5df75523866410809ca100dc9681e301e3c27567cf498077e8551b6d20e42f",
                "sha256:cdb132fc825c38e1aeec2c8aa9338310d29d337bebbd7baa06889d09a60a1fa2",
                "sha256:e249096428b3ae81b08327a63a485ad0878de3fb939049038579ac0ef61e17e7",
                "sha256:e8313f01ba26fbbe36c7be1966a7b7424942f670f38e666995b88d012765b9be"
            ],
            "version": "==1.1.1"
        },
        "mistune": {
            "hashes": [
                "sha256:59a3429db53c50b5c6bcc8a07f8848cb00d7dc8bdb431a4ab41920d201d4756e",
                "sha256:88a1051873018da288eee8538d476dffe1262495144b33ecb586c4ab266bb8d4"
            ],
            "version": "==0.8.4"
        },
        "nbconvert": {
            "hashes": [
                "sha256:21fb48e700b43e82ba0e3142421a659d7739b65568cc832a13976a77be16b523",
                "sha256:f0d6ec03875f96df45aa13e21fd9b8450c42d7e1830418cccc008c0df725fcee"
            ],
            "version": "==5.6.1"
        },
        "nbformat": {
            "hashes": [
                "sha256:562de41fc7f4f481b79ab5d683279bf3a168858268d4387b489b7b02be0b324a",
                "sha256:f4bbbd8089bd346488f00af4ce2efb7f8310a74b2058040d075895429924678c"
            ],
            "version": "==5.0.4"
        },
        "notebook": {
            "hashes": [
                "sha256:3edc616c684214292994a3af05eaea4cc043f6b4247d830f3a2f209fa7639a80",
                "sha256:47a9092975c9e7965ada00b9a20f0cf637d001db60d241d479f53c0be117ad48"
            ],
            "version": "==6.0.3"
        },
        "numpy": {
            "hashes": [
                "sha256:1598a6de323508cfeed6b7cd6c4efb43324f4692e20d1f76e1feec7f59013448",
                "sha256:1b0ece94018ae21163d1f651b527156e1f03943b986188dd81bc7e066eae9d1c",
                "sha256:2e40be731ad618cb4974d5ba60d373cdf4f1b8dcbf1dcf4d9dff5e212baf69c5",
                "sha256:4ba59db1fcc27ea31368af524dcf874d9277f21fd2e1f7f1e2e0c75ee61419ed",
                "sha256:59ca9c6592da581a03d42cc4e270732552243dc45e87248aa8d636d53812f6a5",
                "sha256:5e0feb76849ca3e83dd396254e47c7dba65b3fa9ed3df67c2556293ae3e16de3",
                "sha256:6d205249a0293e62bbb3898c4c2e1ff8a22f98375a34775a259a0523111a8f6c",
                "sha256:6fcc5a3990e269f86d388f165a089259893851437b904f422d301cdce4ff25c8",
                "sha256:82847f2765835c8e5308f136bc34018d09b49037ec23ecc42b246424c767056b",
                "sha256:87902e5c03355335fc5992a74ba0247a70d937f326d852fc613b7f53516c0963",
                "sha256:9ab21d1cb156a620d3999dd92f7d1c86824c622873841d6b080ca5495fa10fef",
                "sha256:a1baa1dc8ecd88fb2d2a651671a84b9938461e8a8eed13e2f0a812a94084d1fa",
                "sha256:a244f7af80dacf21054386539699ce29bcc64796ed9850c99a34b41305630286",
                "sha256:a35af656a7ba1d3decdd4fae5322b87277de8ac98b7d9da657d9e212ece76a61",
                "sha256:b1fe1a6f3a6f355f6c29789b5927f8bd4f134a4bd9a781099a7c4f66af8850f5",
                "sha256:b5ad0adb51b2dee7d0ee75a69e9871e2ddfb061c73ea8bc439376298141f77f5",
                "sha256:ba3c7a2814ec8a176bb71f91478293d633c08582119e713a0c5351c0f77698da",
                "sha256:cd77d58fb2acf57c1d1ee2835567cd70e6f1835e32090538f17f8a3a99e5e34b",
                "sha256:cdb3a70285e8220875e4d2bc394e49b4988bdb1298ffa4e0bd81b2f613be397c",
                "sha256:deb529c40c3f1e38d53d5ae6cd077c21f1d49e13afc7936f7f868455e16b64a0",
                "sha256:e7894793e6e8540dbeac77c87b489e331947813511108ae097f1715c018b8f3d"
            ],
            "version": "==1.18.2"
        },
        "pandas": {
            "hashes": [
                "sha256:00dff3a8e337f5ed7ad295d98a31821d3d0fe7792da82d78d7fd79b89c03ea9d",
                "sha256:22361b1597c8c2ffd697aa9bf85423afa9e1fcfa6b1ea821054a244d5f24d75e",
                "sha256:255920e63850dc512ce356233081098554d641ba99c3767dde9e9f35630f994b",
                "sha256:26382aab9c119735908d94d2c5c08020a4a0a82969b7e5eefb92f902b3b30ad7",
                "sha256:33970f4cacdd9a0ddb8f21e151bfb9f178afb7c36eb7c25b9094c02876f385c2",
                "sha256:4545467a637e0e1393f7d05d61dace89689ad6d6f66f267f86fff737b702cce9",
                "sha256:52da74df8a9c9a103af0a72c9d5fdc8e0183a90884278db7f386b5692a2220a4",
                "sha256:61741f5aeb252f39c3031d11405305b6d10ce663c53bc3112705d7ad66c013d0",
                "sha256:6a3ac2c87e4e32a969921d1428525f09462770c349147aa8e9ab95f88c71ec71",
                "sha256:7458c48e3d15b8aaa7d575be60e1e4dd70348efcd9376656b72fecd55c59a4c3",
                "sha256:78bf638993219311377ce9836b3dc05f627a666d0dbc8cec37c0ff3c9ada673b",
                "sha256:8153705d6545fd9eb6dd2bc79301bff08825d2e2f716d5dced48daafc2d0b81f",
                "sha256:975c461accd14e89d71772e89108a050fa824c0b87a67d34cedf245f6681fc17",
                "sha256:9962957a27bfb70ab64103d0a7b42fa59c642fb4ed4cb75d0227b7bb9228535d",
                "sha256:adc3d3a3f9e59a38d923e90e20c4922fc62d1e5a03d083440468c6d8f3f1ae0a",
                "sha256:bbe3eb765a0b1e578833d243e2814b60c825b7fdbf4cdfe8e8aae8a08ed56ecf",
                "sha256:df8864824b1fe488cf778c3650ee59c3a0d8f42e53707de167ba6b4f7d35f133",
                "sha256:e45055c30a608076e31a9fcd780a956ed3b1fa20db61561b8d88b79259f526f7",
                "sha256:ee50c2142cdcf41995655d499a157d0a812fce55c97d9aad13bc1eef837ed36c"
            ],
            "index": "pypi",
            "version": "==0.25.3"
        },
        "pandocfilters": {
            "hashes": [
                "sha256:b3dd70e169bb5449e6bc6ff96aea89c5eea8c5f6ab5e207fc2f521a2cf4a0da9"
            ],
            "version": "==1.4.2"
        },
        "parso": {
            "hashes": [
                "sha256:0c5659e0c6eba20636f99a04f469798dca8da279645ce5c387315b2c23912157",
                "sha256:8515fc12cfca6ee3aa59138741fc5624d62340c97e401c74875769948d4f2995"
            ],
            "version": "==0.6.2"
        },
        "pexpect": {
            "hashes": [
                "sha256:0b48a55dcb3c05f3329815901ea4fc1537514d6ba867a152b581d69ae3710937",
                "sha256:fc65a43959d153d0114afe13997d439c22823a27cefceb5ff35c2178c6784c0c"
            ],
            "markers": "sys_platform != 'win32'",
            "version": "==4.8.0"
        },
        "pickleshare": {
            "hashes": [
                "sha256:87683d47965c1da65cdacaf31c8441d12b8044cdec9aca500cd78fc2c683afca",
                "sha256:9649af414d74d4df115d5d718f82acb59c9d418196b7b4290ed47a12ce62df56"
            ],
            "version": "==0.7.5"
        },
        "prometheus-client": {
            "hashes": [
                "sha256:71cd24a2b3eb335cb800c7159f423df1bd4dcd5171b234be15e3f31ec9f622da"
            ],
            "version": "==0.7.1"
        },
        "prompt-toolkit": {
            "hashes": [
                "sha256:46642344ce457641f28fc9d1c9ca939b63dadf8df128b86f1b9860e59c73a5e4",
                "sha256:e7f8af9e3d70f514373bf41aa51bc33af12a6db3f71461ea47fea985defb2c31",
                "sha256:f15af68f66e664eaa559d4ac8a928111eebd5feda0c11738b5998045224829db"
            ],
            "version": "==2.0.10"
        },
        "ptyprocess": {
            "hashes": [
                "sha256:923f299cc5ad920c68f2bc0bc98b75b9f838b93b599941a6b63ddbc2476394c0",
                "sha256:d7cc528d76e76342423ca640335bd3633420dc1366f258cb31d05e865ef5ca1f"
            ],
            "markers": "os_name != 'nt'",
            "version": "==0.6.0"
        },
        "pygments": {
            "hashes": [
                "sha256:71e430bc85c88a430f000ac1d9b331d2407f681d6f6aec95e8bcfbc3df5b0127",
                "sha256:881c4c157e45f30af185c1ffe8d549d48ac9127433f2c380c24b84572ad66297"
            ],
            "index": "pypi",
            "version": "==2.4.2"
        },
        "pyrsistent": {
            "hashes": [
                "sha256:cdc7b5e3ed77bed61270a47d35434a30617b9becdf2478af76ad2c6ade307280"
            ],
            "version": "==0.15.7"
        },
        "python-dateutil": {
            "hashes": [
                "sha256:73ebfe9dbf22e832286dafa60473e4cd239f8592f699aa5adaf10050e6e1823c",
                "sha256:75bb3f31ea686f1197762692a9ee6a7550b59fc6ca3a1f4b5d7e32fb98e2da2a"
            ],
            "version": "==2.8.1"
        },
        "pytz": {
            "hashes": [
                "sha256:1c557d7d0e871de1f5ccd5833f60fb2550652da6be2693c1e02300743d21500d",
                "sha256:b02c06db6cf09c12dd25137e563b31700d3b80fcc4ad23abb7a315f2789819be"
            ],
            "version": "==2019.3"
        },
        "pyzmq": {
            "hashes": [
                "sha256:0bbc1728fe4314b4ca46249c33873a390559edac7c217ec7001b5e0c34a8fb7f",
                "sha256:1e076ad5bd3638a18c376544d32e0af986ca10d43d4ce5a5d889a8649f0d0a3d",
                "sha256:242d949eb6b10197cda1d1cec377deab1d5324983d77e0d0bf9dc5eb6d71a6b4",
                "sha256:26f4ae420977d2a8792d7c2d7bda43128b037b5eeb21c81951a94054ad8b8843",
                "sha256:32234c21c5e0a767c754181c8112092b3ddd2e2a36c3f76fc231ced817aeee47",
                "sha256:3f12ce1e9cc9c31497bd82b207e8e86ccda9eebd8c9f95053aae46d15ccd2196",
                "sha256:4557d5e036e6d85715b4b9fdb482081398da1d43dc580d03db642b91605b409f",
                "sha256:4f562dab21c03c7aa061f63b147a595dbe1006bf4f03213272fc9f7d5baec791",
                "sha256:5e071b834051e9ecb224915398f474bfad802c2fff883f118ff5363ca4ae3edf",
                "sha256:5e1f65e576ab07aed83f444e201d86deb01cd27dcf3f37c727bc8729246a60a8",
                "sha256:5f10a31f288bf055be76c57710807a8f0efdb2b82be6c2a2b8f9a61f33a40cea",
                "sha256:6aaaf90b420dc40d9a0e1996b82c6a0ff91d9680bebe2135e67c9e6d197c0a53",
                "sha256:75238d3c16cab96947705d5709187a49ebb844f54354cdf0814d195dd4c045de",
                "sha256:7f7e7b24b1d392bb5947ba91c981e7d1a43293113642e0d8870706c8e70cdc71",
                "sha256:84b91153102c4bcf5d0f57d1a66a0f03c31e9e6525a5f656f52fc615a675c748",
                "sha256:944f6bb5c63140d76494467444fd92bebd8674236837480a3c75b01fe17df1ab",
                "sha256:a1f957c20c9f51d43903881399b078cddcf710d34a2950e88bce4e494dcaa4d1",
                "sha256:a49fd42a29c1cc1aa9f461c5f2f5e0303adba7c945138b35ee7f4ab675b9f754",
                "sha256:a99ae601b4f6917985e9bb071549e30b6f93c72f5060853e197bdc4b7d357e5f",
                "sha256:ad48865a29efa8a0cecf266432ea7bc34e319954e55cf104be0319c177e6c8f5",
                "sha256:b08e425cf93b4e018ab21dc8fdbc25d7d0502a23cc4fea2380010cf8cf11e462",
                "sha256:bb10361293d96aa92be6261fa4d15476bca56203b3a11c62c61bd14df0ef89ba",
                "sha256:bd1a769d65257a7a12e2613070ca8155ee348aa9183f2aadf1c8b8552a5510f5",
                "sha256:cb3b7156ef6b1a119e68fbe3a54e0a0c40ecacc6b7838d57dd708c90b62a06dc",
                "sha256:e8e4efb52ec2df8d046395ca4c84ae0056cf507b2f713ec803c65a8102d010de",
                "sha256:f37c29da2a5b0c5e31e6f8aab885625ea76c807082f70b2d334d3fd573c3100a",
                "sha256:f4d558bc5668d2345773a9ff8c39e2462dafcb1f6772a2e582fbced389ce527f",
                "sha256:f5b6d015587a1d6f582ba03b226a9ddb1dfb09878b3be04ef48b01b7d4eb6b2a"
            ],
            "version": "==19.0.0"
        },
        "requests": {
            "hashes": [
                "sha256:11e007a8a2aa0323f5a921e9e6a2d7e4e67d9877e85773fba9ba6419025cbeb4",
                "sha256:9cf5292fcd0f598c671cfc1e0d7d1a7f13bb8085e9a590f48c010551dc6c4b31"
            ],
            "index": "pypi",
            "version": "==2.22.0"
        },
        "send2trash": {
            "hashes": [
                "sha256:60001cc07d707fe247c94f74ca6ac0d3255aabcb930529690897ca2a39db28b2",
                "sha256:f1691922577b6fa12821234aeb57599d887c4900b9ca537948d2dac34aea888b"
            ],
            "version": "==1.5.0"
        },
        "six": {
            "hashes": [
                "sha256:236bdbdce46e6e6a3d61a337c0f8b763ca1e8717c03b369e87a7ec7ce1319c0a",
                "sha256:8f3cd2e254d8f793e7f3d6d9df77b92252b52637291d0f0da013c76ea2724b6c"
            ],
            "version": "==1.14.0"
        },
        "sxsdiff": {
            "hashes": [
                "sha256:416c0e710b7e1efc37c4c5da1f076354b099dc972c07a54c8d6b7bc84fe335a8",
                "sha256:5f1649d9b1d528f1b845adeb1d9c7f7f68c516e983b144af47d4f1460787d65b"
            ],
            "index": "pypi",
            "version": "==0.3.0"
        },
        "terminado": {
            "hashes": [
                "sha256:4804a774f802306a7d9af7322193c5390f1da0abb429e082a10ef1d46e6fb2c2",
                "sha256:a43dcb3e353bc680dd0783b1d9c3fc28d529f190bc54ba9a229f72fe6e7a54d7"
            ],
            "version": "==0.8.3"
        },
        "testpath": {
            "hashes": [
                "sha256:60e0a3261c149755f4399a1fff7d37523179a70fdc3abdf78de9fc2604aeec7e",
                "sha256:bfcf9411ef4bf3db7579063e0546938b1edda3d69f4e1fb8756991f5951f85d4"
            ],
            "version": "==0.4.4"
        },
        "tornado": {
            "hashes": [
                "sha256:0fe2d45ba43b00a41cd73f8be321a44936dc1aba233dee979f17a042b83eb6dc",
                "sha256:22aed82c2ea340c3771e3babc5ef220272f6fd06b5108a53b4976d0d722bcd52",
                "sha256:2c027eb2a393d964b22b5c154d1a23a5f8727db6fda837118a776b29e2b8ebc6",
                "sha256:5217e601700f24e966ddab689f90b7ea4bd91ff3357c3600fa1045e26d68e55d",
                "sha256:5618f72e947533832cbc3dec54e1dffc1747a5cb17d1fd91577ed14fa0dc081b",
                "sha256:5f6a07e62e799be5d2330e68d808c8ac41d4a259b9cea61da4101b83cb5dc673",
                "sha256:c58d56003daf1b616336781b26d184023ea4af13ae143d9dda65e31e534940b9",
                "sha256:c952975c8ba74f546ae6de2e226ab3cc3cc11ae47baf607459a6728585bb542a",
                "sha256:c98232a3ac391f5faea6821b53db8db461157baa788f5d6222a193e9456e1740"
            ],
            "version": "==6.0.4"
        },
        "traitlets": {
            "hashes": [
                "sha256:70b4c6a1d9019d7b4f6846832288f86998aa3b9207c6821f3578a6a6a467fe44",
                "sha256:d023ee369ddd2763310e4c3eae1ff649689440d4ae59d7485eb4cfbbe3e359f7"
            ],
            "version": "==4.3.3"
        },
        "urllib3": {
            "hashes": [
                "sha256:2f3db8b19923a873b3e5256dc9c2dedfa883e33d87c690d9c7913e1f40673cdc",
                "sha256:87716c2d2a7121198ebcb7ce7cccf6ce5e9ba539041cfbaeecfb641dc0bf6acc"
            ],
            "version": "==1.25.8"
        },
        "wcwidth": {
            "hashes": [
                "sha256:cafe2186b3c009a04067022ce1dcd79cb38d8d65ee4f4791b8888d6599d1bbe1",
                "sha256:ee73862862a156bf77ff92b09034fc4825dd3af9cf81bc5b360668d425f3c5f1"
            ],
            "version": "==0.1.9"
        },
        "webencodings": {
            "hashes": [
                "sha256:a0af1213f3c2226497a97e2b3aa01a7e4bee4f403f95be16fc9acd2947514a78",
                "sha256:b36a1c245f2d304965eb4e0a82848379241dc04b865afcc4aab16748587e1923"
            ],
            "version": "==0.5.1"
        }
    },
    "develop": {}
}
