{
    "_meta": {
        "hash": {
            "sha256": "a16f5f0faf76b802bc98e8d2292faf25c83bd661ef7fae533d7e7249776ef1d2"
        },
        "pipfile-spec": 6,
        "requires": {},
        "sources": [
            {
                "name": "pypi",
                "url": "https://pypi.org/simple",
                "verify_ssl": true
            }
        ]
    },
    "default": {
        "anyio": {
            "hashes": [
                "sha256:43e20711a9d003d858d694c12356dc44ab82c03ccc5290313c3392fa349dad0e",
                "sha256:5e335cef65fbd1a422bbfbb4722e8e9a9fadbd8c06d5afe9cd614d12023f6e5a"
            ],
            "version": "==3.1.0"
        },
        "argon2-cffi": {
            "hashes": [
                "sha256:05a8ac07c7026542377e38389638a8a1e9b78f1cd8439cd7493b39f08dd75fbf",
                "sha256:0bf066bc049332489bb2d75f69216416329d9dc65deee127152caeb16e5ce7d5",
                "sha256:18dee20e25e4be86680b178b35ccfc5d495ebd5792cd00781548d50880fee5c5",
                "sha256:36320372133a003374ef4275fbfce78b7ab581440dfca9f9471be3dd9a522428",
                "sha256:392c3c2ef91d12da510cfb6f9bae52512a4552573a9e27600bdb800e05905d2b",
                "sha256:3aa804c0e52f208973845e8b10c70d8957c9e5a666f702793256242e9167c4e0",
                "sha256:57358570592c46c420300ec94f2ff3b32cbccd10d38bdc12dc6979c4a8484fbc",
                "sha256:6678bb047373f52bcff02db8afab0d2a77d83bde61cfecea7c5c62e2335cb203",
                "sha256:6ea92c980586931a816d61e4faf6c192b4abce89aa767ff6581e6ddc985ed003",
                "sha256:77e909cc756ef81d6abb60524d259d959bab384832f0c651ed7dcb6e5ccdbb78",
                "sha256:7d455c802727710e9dfa69b74ccaab04568386ca17b0ad36350b622cd34606fe",
                "sha256:8282b84ceb46b5b75c3a882b28856b8cd7e647ac71995e71b6705ec06fc232c3",
                "sha256:8a84934bd818e14a17943de8099d41160da4a336bcc699bb4c394bbb9b94bd32",
                "sha256:9bee3212ba4f560af397b6d7146848c32a800652301843df06b9e8f68f0f7361",
                "sha256:9dfd5197852530294ecb5795c97a823839258dfd5eb9420233c7cfedec2058f2",
                "sha256:b160416adc0f012fb1f12588a5e6954889510f82f698e23ed4f4fa57f12a0647",
                "sha256:b94042e5dcaa5d08cf104a54bfae614be502c6f44c9c89ad1535b2ebdaacbd4c",
                "sha256:ba7209b608945b889457f949cc04c8e762bed4fe3fec88ae9a6b7765ae82e496",
                "sha256:cc0e028b209a5483b6846053d5fd7165f460a1f14774d79e632e75e7ae64b82b",
                "sha256:d8029b2d3e4b4cea770e9e5a0104dd8fa185c1724a0f01528ae4826a6d25f97d",
                "sha256:da7f0445b71db6d3a72462e04f36544b0de871289b0bc8a7cc87c0f5ec7079fa",
                "sha256:e2db6e85c057c16d0bd3b4d2b04f270a7467c147381e8fd73cbbe5bc719832be"
            ],
            "version": "==20.1.0"
        },
        "async-generator": {
            "hashes": [
                "sha256:01c7bf666359b4967d2cda0000cc2e4af16a0ae098cbffcb8472fb9e8ad6585b",
                "sha256:6ebb3d106c12920aaae42ccb6f787ef5eefdcdd166ea3d628fa8476abe712144"
            ],
            "version": "==1.10"
        },
        "attrs": {
            "hashes": [
                "sha256:149e90d6d8ac20db7a955ad60cf0e6881a3f20d37096140088356da6c716b0b1",
                "sha256:ef6aaac3ca6cd92904cdd0d83f629a15f18053ec84e6432106f7a4d04ae4f5fb"
            ],
            "version": "==21.2.0"
        },
        "babel": {
            "hashes": [
                "sha256:ab49e12b91d937cd11f0b67cb259a57ab4ad2b59ac7a3b41d6c06c0ac5b0def9",
                "sha256:bc0c176f9f6a994582230df350aa6e05ba2ebe4b3ac317eab29d9be5d2768da0"
            ],
            "version": "==2.9.1"
        },
        "backcall": {
            "hashes": [
                "sha256:5cbdbf27be5e7cfadb448baf0aa95508f91f2bbc6c6437cd9cd06e2a4c215e1e",
                "sha256:fbbce6a29f263178a1f7915c1940bde0ec2b2a967566fe1c65c1dfb7422bd255"
            ],
            "version": "==0.2.0"
        },
        "bleach": {
            "hashes": [
                "sha256:6123ddc1052673e52bab52cdc955bcb57a015264a1c57d37bea2f6b817af0125",
                "sha256:98b3170739e5e83dd9dc19633f074727ad848cbedb6026708c8ac2d3b697a433"
            ],
            "version": "==3.3.0"
        },
        "certifi": {
            "hashes": [
                "sha256:2bbf76fd432960138b3ef6dda3dde0544f27cbf8546c458e60baf371917ba9ee",
                "sha256:50b1e4f8446b06f41be7dd6338db18e0990601dce795c2b1686458aa7e8fa7d8"
            ],
            "version": "==2021.5.30"
        },
        "cffi": {
            "hashes": [
                "sha256:005a36f41773e148deac64b08f233873a4d0c18b053d37da83f6af4d9087b813",
                "sha256:04c468b622ed31d408fea2346bec5bbffba2cc44226302a0de1ade9f5ea3d373",
                "sha256:06d7cd1abac2ffd92e65c0609661866709b4b2d82dd15f611e602b9b188b0b69",
                "sha256:06db6321b7a68b2bd6df96d08a5adadc1fa0e8f419226e25b2a5fbf6ccc7350f",
                "sha256:0857f0ae312d855239a55c81ef453ee8fd24136eaba8e87a2eceba644c0d4c06",
                "sha256:0f861a89e0043afec2a51fd177a567005847973be86f709bbb044d7f42fc4e05",
                "sha256:1071534bbbf8cbb31b498d5d9db0f274f2f7a865adca4ae429e147ba40f73dea",
                "sha256:158d0d15119b4b7ff6b926536763dc0714313aa59e320ddf787502c70c4d4bee",
                "sha256:1bf1ac1984eaa7675ca8d5745a8cb87ef7abecb5592178406e55858d411eadc0",
                "sha256:1f436816fc868b098b0d63b8920de7d208c90a67212546d02f84fe78a9c26396",
                "sha256:24a570cd11895b60829e941f2613a4f79df1a27344cbbb82164ef2e0116f09c7",
                "sha256:24ec4ff2c5c0c8f9c6b87d5bb53555bf267e1e6f70e52e5a9740d32861d36b6f",
                "sha256:2894f2df484ff56d717bead0a5c2abb6b9d2bf26d6960c4604d5c48bbc30ee73",
                "sha256:29314480e958fd8aab22e4a58b355b629c59bf5f2ac2492b61e3dc06d8c7a315",
                "sha256:293e7ea41280cb28c6fcaaa0b1aa1f533b8ce060b9e701d78511e1e6c4a1de76",
                "sha256:34eff4b97f3d982fb93e2831e6750127d1355a923ebaeeb565407b3d2f8d41a1",
                "sha256:35f27e6eb43380fa080dccf676dece30bef72e4a67617ffda586641cd4508d49",
                "sha256:3c3f39fa737542161d8b0d680df2ec249334cd70a8f420f71c9304bd83c3cbed",
                "sha256:3d3dd4c9e559eb172ecf00a2a7517e97d1e96de2a5e610bd9b68cea3925b4892",
                "sha256:43e0b9d9e2c9e5d152946b9c5fe062c151614b262fda2e7b201204de0b99e482",
                "sha256:48e1c69bbacfc3d932221851b39d49e81567a4d4aac3b21258d9c24578280058",
                "sha256:51182f8927c5af975fece87b1b369f722c570fe169f9880764b1ee3bca8347b5",
                "sha256:58e3f59d583d413809d60779492342801d6e82fefb89c86a38e040c16883be53",
                "sha256:5de7970188bb46b7bf9858eb6890aad302577a5f6f75091fd7cdd3ef13ef3045",
                "sha256:65fa59693c62cf06e45ddbb822165394a288edce9e276647f0046e1ec26920f3",
                "sha256:681d07b0d1e3c462dd15585ef5e33cb021321588bebd910124ef4f4fb71aef55",
                "sha256:69e395c24fc60aad6bb4fa7e583698ea6cc684648e1ffb7fe85e3c1ca131a7d5",
                "sha256:6c97d7350133666fbb5cf4abdc1178c812cb205dc6f41d174a7b0f18fb93337e",
                "sha256:6e4714cc64f474e4d6e37cfff31a814b509a35cb17de4fb1999907575684479c",
                "sha256:72d8d3ef52c208ee1c7b2e341f7d71c6fd3157138abf1a95166e6165dd5d4369",
                "sha256:8ae6299f6c68de06f136f1f9e69458eae58f1dacf10af5c17353eae03aa0d827",
                "sha256:8b198cec6c72df5289c05b05b8b0969819783f9418e0409865dac47288d2a053",
                "sha256:99cd03ae7988a93dd00bcd9d0b75e1f6c426063d6f03d2f90b89e29b25b82dfa",
                "sha256:9cf8022fb8d07a97c178b02327b284521c7708d7c71a9c9c355c178ac4bbd3d4",
                "sha256:9de2e279153a443c656f2defd67769e6d1e4163952b3c622dcea5b08a6405322",
                "sha256:9e93e79c2551ff263400e1e4be085a1210e12073a31c2011dbbda14bda0c6132",
                "sha256:9ff227395193126d82e60319a673a037d5de84633f11279e336f9c0f189ecc62",
                "sha256:a465da611f6fa124963b91bf432d960a555563efe4ed1cc403ba5077b15370aa",
                "sha256:ad17025d226ee5beec591b52800c11680fca3df50b8b29fe51d882576e039ee0",
                "sha256:afb29c1ba2e5a3736f1c301d9d0abe3ec8b86957d04ddfa9d7a6a42b9367e396",
                "sha256:b85eb46a81787c50650f2392b9b4ef23e1f126313b9e0e9013b35c15e4288e2e",
                "sha256:bb89f306e5da99f4d922728ddcd6f7fcebb3241fc40edebcb7284d7514741991",
                "sha256:cbde590d4faaa07c72bf979734738f328d239913ba3e043b1e98fe9a39f8b2b6",
                "sha256:cc5a8e069b9ebfa22e26d0e6b97d6f9781302fe7f4f2b8776c3e1daea35f1adc",
                "sha256:cd2868886d547469123fadc46eac7ea5253ea7fcb139f12e1dfc2bbd406427d1",
                "sha256:d42b11d692e11b6634f7613ad8df5d6d5f8875f5d48939520d351007b3c13406",
                "sha256:df5052c5d867c1ea0b311fb7c3cd28b19df469c056f7fdcfe88c7473aa63e333",
                "sha256:f2d45f97ab6bb54753eab54fffe75aaf3de4ff2341c9daee1987ee1837636f1d",
                "sha256:fd78e5fee591709f32ef6edb9a015b4aa1a5022598e36227500c8f4e02328d9c"
            ],
            "version": "==1.14.5"
        },
        "chardet": {
            "hashes": [
                "sha256:0d6f53a15db4120f2b08c94f11e7d93d2c911ee118b6b30a04ec3ee8310179fa",
                "sha256:f864054d66fd9118f2e67044ac8981a54775ec5b67aed0441892edb553d21da5"
            ],
            "version": "==4.0.0"
        },
        "decorator": {
            "hashes": [
                "sha256:6e5c199c16f7a9f0e3a61a4a54b3d27e7dad0dbdde92b944426cb20914376323",
                "sha256:72ecfba4320a893c53f9706bebb2d55c270c1e51a28789361aa93e4a21319ed5"
            ],
            "version": "==5.0.9"
        },
        "defusedxml": {
            "hashes": [
                "sha256:1bb3032db185915b62d7c6209c5a8792be6a32ab2fedacc84e01b52c51aa3e69",
                "sha256:a352e7e428770286cc899e2542b6cdaedb2b4953ff269a210103ec58f6198a61"
            ],
            "version": "==0.7.1"
        },
        "diff-match-patch": {
            "hashes": [
                "sha256:a809a996d0f09b9bbd59e9bbd0b71eed8c807922512910e05cbd3f9480712ddb"
            ],
            "version": "==20181111"
        },
        "entrypoints": {
            "hashes": [
                "sha256:589f874b313739ad35be6e0cd7efde2a4e9b6fea91edcc34e58ecbb8dbe56d19",
                "sha256:c70dd71abe5a8c85e55e12c19bd91ccfeec11a6e99044204511f9ed547d48451"
            ],
            "version": "==0.3"
        },
        "idna": {
            "hashes": [
                "sha256:b307872f855b18632ce0c21c5e45be78c0ea7ae4c15c828c20788b26921eb3f6",
                "sha256:b97d804b1e9b523befed77c48dacec60e6dcb0b5391d57af6a65a312a90648c0"
            ],
            "version": "==2.10"
        },
        "ipykernel": {
            "hashes": [
                "sha256:29eee66548ee7c2edb7941de60c0ccf0a7a8dd957341db0a49c5e8e6a0fcb712",
                "sha256:e976751336b51082a89fc2099fb7f96ef20f535837c398df6eab1283c2070884"
            ],
            "version": "==5.5.5"
        },
        "ipython": {
            "hashes": [
                "sha256:dfd303b270b7b5232b3d08bd30ec6fd685d8a58cabd54055e3d69d8f029f7280",
                "sha256:ed7ebe1cba899c1c3ccad6f7f1c2d2369464cc77dba8eebc65e2043e19cda995"
            ],
            "index": "pypi",
            "version": "==7.9.0"
        },
        "ipython-genutils": {
            "hashes": [
                "sha256:72dd37233799e619666c9f639a9da83c34013a73e8bbc79a7a6348d93c61fab8",
                "sha256:eb2e116e75ecef9d4d228fdc66af54269afa26ab4463042e33785b887c628ba8"
            ],
            "version": "==0.2.0"
        },
        "jedi": {
            "hashes": [
                "sha256:18456d83f65f400ab0c2d3319e48520420ef43b23a086fdc05dff34132f0fb93",
                "sha256:92550a404bad8afed881a137ec9a461fed49eca661414be45059329614ed0707"
            ],
            "version": "==0.18.0"
        },
        "jinja2": {
            "hashes": [
                "sha256:1f06f2da51e7b56b8f238affdd6b4e2c61e39598a378cc49345bc1bd42a978a4",
                "sha256:703f484b47a6af502e743c9122595cc812b0271f661722403114f71a79d0f5a4"
            ],
            "version": "==3.0.1"
        },
        "json5": {
            "hashes": [
                "sha256:703cfee540790576b56a92e1c6aaa6c4b0d98971dc358ead83812aa4d06bdb96",
                "sha256:af1a1b9a2850c7f62c23fde18be4749b3599fd302f494eebf957e2ada6b9e42c"
            ],
            "version": "==0.9.5"
        },
        "jsonschema": {
            "hashes": [
                "sha256:4e5b3cf8216f577bee9ce139cbe72eca3ea4f292ec60928ff24758ce626cd163",
                "sha256:c8a85b28d377cc7737e46e2d9f2b4f44ee3c0e1deac6bf46ddefc7187d30797a"
            ],
            "version": "==3.2.0"
        },
        "jupyter-client": {
            "hashes": [
                "sha256:9715152067e3f7ea3b56f341c9a0f9715c8c7cc316ee0eb13c3c84f5ca0065f5",
                "sha256:e2ab61d79fbf8b56734a4c2499f19830fbd7f6fefb3e87868ef0545cb3c17eb9"
            ],
            "version": "==6.2.0"
        },
        "jupyter-core": {
            "hashes": [
                "sha256:79025cb3225efcd36847d0840f3fc672c0abd7afd0de83ba8a1d3837619122b4",
                "sha256:8c6c0cac5c1b563622ad49321d5ec47017bd18b94facb381c6973a0486395f8e"
            ],
            "version": "==4.7.1"
        },
        "jupyter-server": {
            "hashes": [
                "sha256:81547b97f346647fb600b9bbfd020075603dbefe25f639d3d4dc2b7c7a6013cf",
                "sha256:8f0c75e0a577536125ad62a442ebb7cf02746f1a69d907e8a273c6225d281237"
            ],
            "version": "==1.8.0"
        },
        "jupyterlab": {
            "hashes": [
                "sha256:6663eed77b10d567499ab998eb71dabb510572f7337ec8efc48ed56cd37f9c5f",
                "sha256:8c239aababf5baa0b3d36e375fddeb9fd96f3a9a24a8cda098d6a414f5bbdc81"
            ],
            "index": "pypi",
            "version": "==2.1.0"
        },
        "jupyterlab-pygments": {
            "hashes": [
                "sha256:abfb880fd1561987efaefcb2d2ac75145d2a5d0139b1876d5be806e32f630008",
                "sha256:cfcda0873626150932f438eccf0f8bf22bfa92345b814890ab360d666b254146"
            ],
            "version": "==0.1.2"
        },
        "jupyterlab-server": {
            "hashes": [
                "sha256:10ca364e764a6ca1e387530dfe5a09dc8fd563f1739b2b7b5a49e8cf5c4140ee",
                "sha256:f300adf6bb0a952bebe9c807a3b2a345d62da39b476b4f69ea0dc6b5f3f6b97d"
            ],
            "version": "==2.6.0"
        },
        "markupsafe": {
            "hashes": [
                "sha256:01a9b8ea66f1658938f65b93a85ebe8bc016e6769611be228d797c9d998dd298",
                "sha256:023cb26ec21ece8dc3907c0e8320058b2e0cb3c55cf9564da612bc325bed5e64",
                "sha256:0446679737af14f45767963a1a9ef7620189912317d095f2d9ffa183a4d25d2b",
                "sha256:0717a7390a68be14b8c793ba258e075c6f4ca819f15edfc2a3a027c823718567",
                "sha256:0955295dd5eec6cb6cc2fe1698f4c6d84af2e92de33fbcac4111913cd100a6ff",
                "sha256:10f82115e21dc0dfec9ab5c0223652f7197feb168c940f3ef61563fc2d6beb74",
                "sha256:1d609f577dc6e1aa17d746f8bd3c31aa4d258f4070d61b2aa5c4166c1539de35",
                "sha256:2ef54abee730b502252bcdf31b10dacb0a416229b72c18b19e24a4509f273d26",
                "sha256:3c112550557578c26af18a1ccc9e090bfe03832ae994343cfdacd287db6a6ae7",
                "sha256:47ab1e7b91c098ab893b828deafa1203de86d0bc6ab587b160f78fe6c4011f75",
                "sha256:49e3ceeabbfb9d66c3aef5af3a60cc43b85c33df25ce03d0031a608b0a8b2e3f",
                "sha256:4efca8f86c54b22348a5467704e3fec767b2db12fc39c6d963168ab1d3fc9135",
                "sha256:53edb4da6925ad13c07b6d26c2a852bd81e364f95301c66e930ab2aef5b5ddd8",
                "sha256:594c67807fb16238b30c44bdf74f36c02cdf22d1c8cda91ef8a0ed8dabf5620a",
                "sha256:611d1ad9a4288cf3e3c16014564df047fe08410e628f89805e475368bd304914",
                "sha256:6557b31b5e2c9ddf0de32a691f2312a32f77cd7681d8af66c2692efdbef84c18",
                "sha256:693ce3f9e70a6cf7d2fb9e6c9d8b204b6b39897a2c4a1aa65728d5ac97dcc1d8",
                "sha256:6a7fae0dd14cf60ad5ff42baa2e95727c3d81ded453457771d02b7d2b3f9c0c2",
                "sha256:6c4ca60fa24e85fe25b912b01e62cb969d69a23a5d5867682dd3e80b5b02581d",
                "sha256:7d91275b0245b1da4d4cfa07e0faedd5b0812efc15b702576d103293e252af1b",
                "sha256:905fec760bd2fa1388bb5b489ee8ee5f7291d692638ea5f67982d968366bef9f",
                "sha256:97383d78eb34da7e1fa37dd273c20ad4320929af65d156e35a5e2d89566d9dfb",
                "sha256:984d76483eb32f1bcb536dc27e4ad56bba4baa70be32fa87152832cdd9db0833",
                "sha256:a30e67a65b53ea0a5e62fe23682cfe22712e01f453b95233b25502f7c61cb415",
                "sha256:ab3ef638ace319fa26553db0624c4699e31a28bb2a835c5faca8f8acf6a5a902",
                "sha256:b2f4bf27480f5e5e8ce285a8c8fd176c0b03e93dcc6646477d4630e83440c6a9",
                "sha256:b7f2d075102dc8c794cbde1947378051c4e5180d52d276987b8d28a3bd58c17d",
                "sha256:be98f628055368795d818ebf93da628541e10b75b41c559fdf36d104c5787066",
                "sha256:d7f9850398e85aba693bb640262d3611788b1f29a79f0c93c565694658f4071f",
                "sha256:f5653a225f31e113b152e56f154ccbe59eeb1c7487b39b9d9f9cdb58e6c79dc5",
                "sha256:f826e31d18b516f653fe296d967d700fddad5901ae07c622bb3705955e1faa94",
                "sha256:f8ba0e8349a38d3001fae7eadded3f6606f0da5d748ee53cc1dab1d6527b9509",
                "sha256:f9081981fe268bd86831e5c75f7de206ef275defcb82bc70740ae6dc507aee51",
                "sha256:fa130dd50c57d53368c9d59395cb5526eda596d3ffe36666cd81a44d56e48872"
            ],
            "version": "==2.0.1"
        },
        "mistune": {
            "hashes": [
                "sha256:59a3429db53c50b5c6bcc8a07f8848cb00d7dc8bdb431a4ab41920d201d4756e",
                "sha256:88a1051873018da288eee8538d476dffe1262495144b33ecb586c4ab266bb8d4"
            ],
            "version": "==0.8.4"
        },
        "nbclient": {
            "hashes": [
                "sha256:db17271330c68c8c88d46d72349e24c147bb6f34ec82d8481a8f025c4d26589c",
                "sha256:e79437364a2376892b3f46bedbf9b444e5396cfb1bc366a472c37b48e9551500"
            ],
            "version": "==0.5.3"
        },
        "nbconvert": {
            "hashes": [
                "sha256:39e9f977920b203baea0be67eea59f7b37a761caa542abe80f5897ce3cf6311d",
                "sha256:cbbc13a86dfbd4d1b5dee106539de0795b4db156c894c2c5dc382062bbc29002"
            ],
            "version": "==6.0.7"
        },
        "nbformat": {
            "hashes": [
                "sha256:b516788ad70771c6250977c1374fcca6edebe6126fd2adb5a69aa5c2356fd1c8",
                "sha256:eb8447edd7127d043361bc17f2f5a807626bc8e878c7709a1c647abda28a9171"
            ],
            "version": "==5.1.3"
        },
        "nest-asyncio": {
            "hashes": [
                "sha256:76d6e972265063fe92a90b9cc4fb82616e07d586b346ed9d2c89a4187acea39c",
                "sha256:afc5a1c515210a23c461932765691ad39e8eba6551c055ac8d5546e69250d0aa"
            ],
            "version": "==1.5.1"
        },
        "notebook": {
            "hashes": [
                "sha256:9c4625e2a2aa49d6eae4ce20cbc3d8976db19267e32d2a304880e0c10bf8aef9",
                "sha256:f7f0a71a999c7967d9418272ae4c3378a220bd28330fbfb49860e46cf8a5838a"
            ],
            "version": "==6.4.0"
        },
        "numpy": {
            "hashes": [
                "sha256:1676b0a292dd3c99e49305a16d7a9f42a4ab60ec522eac0d3dd20cdf362ac010",
                "sha256:16f221035e8bd19b9dc9a57159e38d2dd060b48e93e1d843c49cb370b0f415fd",
                "sha256:43909c8bb289c382170e0282158a38cf306a8ad2ff6dfadc447e90f9961bef43",
                "sha256:4e465afc3b96dbc80cf4a5273e5e2b1e3451286361b4af70ce1adb2984d392f9",
                "sha256:55b745fca0a5ab738647d0e4db099bd0a23279c32b31a783ad2ccea729e632df",
                "sha256:5d050e1e4bc9ddb8656d7b4f414557720ddcca23a5b88dd7cff65e847864c400",
                "sha256:637d827248f447e63585ca3f4a7d2dfaa882e094df6cfa177cc9cf9cd6cdf6d2",
                "sha256:6690080810f77485667bfbff4f69d717c3be25e5b11bb2073e76bb3f578d99b4",
                "sha256:66fbc6fed94a13b9801fb70b96ff30605ab0a123e775a5e7a26938b717c5d71a",
                "sha256:67d44acb72c31a97a3d5d33d103ab06d8ac20770e1c5ad81bdb3f0c086a56cf6",
                "sha256:6ca2b85a5997dabc38301a22ee43c82adcb53ff660b89ee88dded6b33687e1d8",
                "sha256:6e51534e78d14b4a009a062641f465cfaba4fdcb046c3ac0b1f61dd97c861b1b",
                "sha256:70eb5808127284c4e5c9e836208e09d685a7978b6a216db85960b1a112eeace8",
                "sha256:830b044f4e64a76ba71448fce6e604c0fc47a0e54d8f6467be23749ac2cbd2fb",
                "sha256:8b7bb4b9280da3b2856cb1fc425932f46fba609819ee1c62256f61799e6a51d2",
                "sha256:a9c65473ebc342715cb2d7926ff1e202c26376c0dcaaee85a1fd4b8d8c1d3b2f",
                "sha256:c1c09247ccea742525bdb5f4b5ceeacb34f95731647fe55774aa36557dbb5fa4",
                "sha256:c5bf0e132acf7557fc9bb8ded8b53bbbbea8892f3c9a1738205878ca9434206a",
                "sha256:db250fd3e90117e0312b611574cd1b3f78bec046783195075cbd7ba9c3d73f16",
                "sha256:e515c9a93aebe27166ec9593411c58494fa98e5fcc219e47260d9ab8a1cc7f9f",
                "sha256:e55185e51b18d788e49fe8305fd73ef4470596b33fc2c1ceb304566b99c71a69",
                "sha256:ea9cff01e75a956dbee133fa8e5b68f2f92175233de2f88de3a682dd94deda65",
                "sha256:f1452578d0516283c87608a5a5548b0cdde15b99650efdfd85182102ef7a7c17",
                "sha256:f39a995e47cb8649673cfa0579fbdd1cdd33ea497d1728a6cb194d6252268e48"
            ],
            "version": "==1.20.3"
        },
        "packaging": {
            "hashes": [
                "sha256:5b327ac1320dc863dca72f4514ecc086f31186744b84a230374cc1fd776feae5",
                "sha256:67714da7f7bc052e064859c05c595155bd1ee9f69f76557e21f051443c20947a"
            ],
            "version": "==20.9"
        },
        "pandas": {
            "hashes": [
                "sha256:167693a80abc8eb28051fbd184c1b7afd13ce2c727a5af47b048f1ea3afefff4",
                "sha256:2111c25e69fa9365ba80bbf4f959400054b2771ac5d041ed19415a8b488dc70a",
                "sha256:298f0553fd3ba8e002c4070a723a59cdb28eda579f3e243bc2ee397773f5398b",
                "sha256:2b063d41803b6a19703b845609c0b700913593de067b552a8b24dd8eeb8c9895",
                "sha256:2cb7e8f4f152f27dc93f30b5c7a98f6c748601ea65da359af734dd0cf3fa733f",
                "sha256:52d2472acbb8a56819a87aafdb8b5b6d2b3386e15c95bde56b281882529a7ded",
                "sha256:612add929bf3ba9d27b436cc8853f5acc337242d6b584203f207e364bb46cb12",
                "sha256:649ecab692fade3cbfcf967ff936496b0cfba0af00a55dfaacd82bdda5cb2279",
                "sha256:68d7baa80c74aaacbed597265ca2308f017859123231542ff8a5266d489e1858",
                "sha256:8d4c74177c26aadcfb4fd1de6c1c43c2bf822b3e0fc7a9b409eeaf84b3e92aaa",
                "sha256:971e2a414fce20cc5331fe791153513d076814d30a60cd7348466943e6e909e4",
                "sha256:9db70ffa8b280bb4de83f9739d514cd0735825e79eef3a61d312420b9f16b758",
                "sha256:b730add5267f873b3383c18cac4df2527ac4f0f0eed1c6cf37fcb437e25cf558",
                "sha256:bd659c11a4578af740782288cac141a322057a2e36920016e0fc7b25c5a4b686",
                "sha256:c601c6fdebc729df4438ec1f62275d6136a0dd14d332fc0e8ce3f7d2aadb4dd6",
                "sha256:d0877407359811f7b853b548a614aacd7dea83b0c0c84620a9a643f180060950"
            ],
            "version": "==1.2.4"
        },
        "pandocfilters": {
            "hashes": [
                "sha256:bc63fbb50534b4b1f8ebe1860889289e8af94a23bff7445259592df25a3906eb"
            ],
            "version": "==1.4.3"
        },
        "parso": {
            "hashes": [
                "sha256:12b83492c6239ce32ff5eed6d3639d6a536170723c6f3f1506869f1ace413398",
                "sha256:a8c4922db71e4fdb90e0d0bc6e50f9b273d3397925e5e60a717e719201778d22"
            ],
            "version": "==0.8.2"
        },
        "parsr-client": {
            "hashes": [
                "sha256:2eb9f9bb97d1ac734f86481c04991427e636a01212d04ffed025521218b0601c",
                "sha256:cd5e17705e0dc069cb0efd784b4abd295e7c3da22536444824c580c86d822c29"
            ],
            "index": "pypi",
            "version": "==3.0.0"
        },
        "pexpect": {
            "hashes": [
                "sha256:0b48a55dcb3c05f3329815901ea4fc1537514d6ba867a152b581d69ae3710937",
                "sha256:fc65a43959d153d0114afe13997d439c22823a27cefceb5ff35c2178c6784c0c"
            ],
            "markers": "sys_platform != 'win32'",
            "version": "==4.8.0"
        },
        "pickleshare": {
            "hashes": [
                "sha256:87683d47965c1da65cdacaf31c8441d12b8044cdec9aca500cd78fc2c683afca",
                "sha256:9649af414d74d4df115d5d718f82acb59c9d418196b7b4290ed47a12ce62df56"
            ],
            "version": "==0.7.5"
        },
        "prometheus-client": {
            "hashes": [
                "sha256:3a8baade6cb80bcfe43297e33e7623f3118d660d41387593758e2fb1ea173a86",
                "sha256:b014bc76815eb1399da8ce5fc84b7717a3e63652b0c0f8804092c9363acab1b2"
            ],
            "version": "==0.11.0"
        },
        "prompt-toolkit": {
            "hashes": [
                "sha256:46642344ce457641f28fc9d1c9ca939b63dadf8df128b86f1b9860e59c73a5e4",
                "sha256:e7f8af9e3d70f514373bf41aa51bc33af12a6db3f71461ea47fea985defb2c31",
                "sha256:f15af68f66e664eaa559d4ac8a928111eebd5feda0c11738b5998045224829db"
            ],
            "version": "==2.0.10"
        },
        "ptyprocess": {
            "hashes": [
                "sha256:4b41f3967fce3af57cc7e94b888626c18bf37a083e3651ca8feeb66d492fef35",
                "sha256:5c5d0a3b48ceee0b48485e0c26037c0acd7d29765ca3fbb5cb3831d347423220"
            ],
            "markers": "os_name != 'nt'",
            "version": "==0.7.0"
        },
        "pycparser": {
            "hashes": [
                "sha256:2d475327684562c3a96cc71adf7dc8c4f0565175cf86b6d7a404ff4c771f15f0",
                "sha256:7582ad22678f0fcd81102833f60ef8d0e57288b6b5fb00323d101be910e35705"
            ],
            "version": "==2.20"
        },
        "pygments": {
            "hashes": [
                "sha256:bc9591213a8f0e0ca1a5e68a479b4887fdc3e75d0774e5c71c31920c427de435",
                "sha256:df49d09b498e83c1a73128295860250b0b7edd4c723a32e9bc0d295c7c2ec337"
            ],
            "index": "pypi",
            "version": "==2.7.4"
        },
        "pyparsing": {
            "hashes": [
                "sha256:c203ec8783bf771a155b207279b9bccb8dea02d8f0c9e5f8ead507bc3246ecc1",
                "sha256:ef9d7589ef3c200abe66653d3f1ab1033c3c419ae9b9bdb1240a85b024efc88b"
            ],
            "version": "==2.4.7"
        },
        "pyrsistent": {
            "hashes": [
                "sha256:2e636185d9eb976a18a8a8e96efce62f2905fea90041958d8cc2a189756ebf3e"
            ],
            "version": "==0.17.3"
        },
        "python-dateutil": {
            "hashes": [
                "sha256:73ebfe9dbf22e832286dafa60473e4cd239f8592f699aa5adaf10050e6e1823c",
                "sha256:75bb3f31ea686f1197762692a9ee6a7550b59fc6ca3a1f4b5d7e32fb98e2da2a"
            ],
            "version": "==2.8.1"
        },
        "pytz": {
            "hashes": [
                "sha256:83a4a90894bf38e243cf052c8b58f381bfe9a7a483f6a9cab140bc7f702ac4da",
                "sha256:eb10ce3e7736052ed3623d49975ce333bcd712c7bb19a58b9e2089d4057d0798"
            ],
            "version": "==2021.1"
        },
        "pyzmq": {
            "hashes": [
                "sha256:089b974ec04d663b8685ac90e86bfe0e4da9d911ff3cf52cb765ff22408b102d",
                "sha256:0ea7f4237991b0f745a4432c63e888450840bf8cb6c48b93fb7d62864f455529",
                "sha256:0f0f27eaab9ba7b92d73d71c51d1a04464a1da6097a252d007922103253d2313",
                "sha256:12ffcf33db6ba7c0e5aaf901e65517f5e2b719367b80bcbfad692f546a297c7a",
                "sha256:1389b615917d4196962a9b469e947ba862a8ec6f5094a47da5e7a8d404bc07a4",
                "sha256:18dd2ca4540c476558099891c129e6f94109971d110b549db2a9775c817cedbd",
                "sha256:24fb5bb641f0b2aa25fc3832f4b6fc62430f14a7d328229fe994b2bcdc07c93a",
                "sha256:285514956c08c7830da9d94e01f5414661a987831bd9f95e4d89cc8aaae8da10",
                "sha256:41049cff5265e9cd75606aa2c90a76b9c80b98d8fe70ee08cf4af3cedb113358",
                "sha256:461ed80d741692d9457ab820b1cc057ba9c37c394e67b647b639f623c8b321f6",
                "sha256:4b8fb1b3174b56fd020e4b10232b1764e52cf7f3babcfb460c5253bdc48adad0",
                "sha256:4c4fe69c7dc0d13d4ae180ad650bb900854367f3349d3c16f0569f6c6447f698",
                "sha256:4e9b9a2f6944acdaf57316436c1acdcb30b8df76726bcf570ad9342bc5001654",
                "sha256:6355f81947e1fe6e7bb9e123aeb3067264391d3ebe8402709f824ef8673fa6f3",
                "sha256:68be16107f41563b9f67d93dff1c9f5587e0f76aa8fd91dc04c83d813bcdab1f",
                "sha256:68e2c4505992ab5b89f976f89a9135742b18d60068f761bef994a6805f1cae0c",
                "sha256:7040d6dd85ea65703904d023d7f57fab793d7ffee9ba9e14f3b897f34ff2415d",
                "sha256:734ea6565c71fc2d03d5b8c7d0d7519c96bb5567e0396da1b563c24a4ac66f0c",
                "sha256:9ee48413a2d3cd867fd836737b4c89c24cea1150a37f4856d82d20293fa7519f",
                "sha256:a1c77796f395804d6002ff56a6a8168c1f98579896897ad7e35665a9b4a9eec5",
                "sha256:b2f707b52e09098a7770503e39294ca6e22ae5138ffa1dd36248b6436d23d78e",
                "sha256:bf80b2cec42d96117248b99d3c86e263a00469c840a778e6cb52d916f4fdf82c",
                "sha256:c4674004ed64685a38bee222cd75afa769424ec603f9329f0dd4777138337f48",
                "sha256:c6a81c9e6754465d09a87e3acd74d9bb1f0039b2d785c6899622f0afdb41d760",
                "sha256:c6d0c32532a0519997e1ded767e184ebb8543bdb351f8eff8570bd461e874efc",
                "sha256:c8fff75af4c7af92dce9f81fa2a83ed009c3e1f33ee8b5222db2ef80b94e242e",
                "sha256:cb9f9fe1305ef69b65794655fd89b2209b11bff3e837de981820a8aa051ef914",
                "sha256:d3ecfee2ee8d91ab2e08d2d8e89302c729b244e302bbc39c5b5dde42306ff003",
                "sha256:d5e5be93e1714a59a535bbbc086b9e4fd2448c7547c5288548f6fd86353cad9e",
                "sha256:de5806be66c9108e4dcdaced084e8ceae14100aa559e2d57b4f0cceb98c462de",
                "sha256:f49755684a963731479ff3035d45a8185545b4c9f662d368bd349c419839886d",
                "sha256:fc712a90401bcbf3fa25747f189d6dcfccbecc32712701cad25c6355589dac57"
            ],
            "version": "==22.1.0"
        },
        "requests": {
            "hashes": [
                "sha256:27973dd4a904a4f13b263a19c866c13b92a39ed1c964655f025f3f8d3d75b804",
                "sha256:c210084e36a42ae6b9219e00e48287def368a26d03a048ddad7bfee44f75871e"
            ],
            "version": "==2.25.1"
        },
        "semver": {
            "hashes": [
                "sha256:ced8b23dceb22134307c1b8abfa523da14198793d9787ac838e70e29e77458d4",
                "sha256:fa0fe2722ee1c3f57eac478820c3a5ae2f624af8264cbdf9000c980ff7f75e3f"
            ],
            "version": "==2.13.0"
        },
        "send2trash": {
            "hashes": [
                "sha256:60001cc07d707fe247c94f74ca6ac0d3255aabcb930529690897ca2a39db28b2",
                "sha256:f1691922577b6fa12821234aeb57599d887c4900b9ca537948d2dac34aea888b"
            ],
            "version": "==1.5.0"
        },
        "six": {
            "hashes": [
                "sha256:1e61c37477a1626458e36f7b1d82aa5c9b094fa4802892072e49de9c60c4c926",
                "sha256:8abb2f1d86890a2dfb989f9a77cfcfd3e47c2a354b01111771326f8aa26e0254"
            ],
            "version": "==1.16.0"
        },
        "sniffio": {
            "hashes": [
                "sha256:471b71698eac1c2112a40ce2752bb2f4a4814c22a54a3eed3676bc0f5ca9f663",
                "sha256:c4666eecec1d3f50960c6bdf61ab7bc350648da6c126e3cf6898d8cd4ddcd3de"
            ],
            "version": "==1.2.0"
        },
        "sxsdiff": {
            "hashes": [
                "sha256:416c0e710b7e1efc37c4c5da1f076354b099dc972c07a54c8d6b7bc84fe335a8",
                "sha256:5f1649d9b1d528f1b845adeb1d9c7f7f68c516e983b144af47d4f1460787d65b"
            ],
            "version": "==0.3.0"
        },
        "terminado": {
            "hashes": [
                "sha256:048ce7b271ad1f94c48130844af1de163e54913b919f8c268c89b36a6d468d7c",
                "sha256:46fd07c9dc7db7321922270d544a1f18eaa7a02fd6cd4438314f27a687cabbea"
            ],
            "version": "==0.10.0"
        },
        "testpath": {
            "hashes": [
                "sha256:1acf7a0bcd3004ae8357409fc33751e16d37ccc650921da1094a86581ad1e417",
                "sha256:8044f9a0bab6567fc644a3593164e872543bb44225b0e24846e2c89237937589"
            ],
            "version": "==0.5.0"
        },
        "tornado": {
            "hashes": [
                "sha256:0a00ff4561e2929a2c37ce706cb8233b7907e0cdc22eab98888aca5dd3775feb",
                "sha256:0d321a39c36e5f2c4ff12b4ed58d41390460f798422c4504e09eb5678e09998c",
                "sha256:1e8225a1070cd8eec59a996c43229fe8f95689cb16e552d130b9793cb570a288",
                "sha256:20241b3cb4f425e971cb0a8e4ffc9b0a861530ae3c52f2b0434e6c1b57e9fd95",
                "sha256:25ad220258349a12ae87ede08a7b04aca51237721f63b1808d39bdb4b2164558",
                "sha256:33892118b165401f291070100d6d09359ca74addda679b60390b09f8ef325ffe",
                "sha256:33c6e81d7bd55b468d2e793517c909b139960b6c790a60b7991b9b6b76fb9791",
                "sha256:3447475585bae2e77ecb832fc0300c3695516a47d46cefa0528181a34c5b9d3d",
                "sha256:34ca2dac9e4d7afb0bed4677512e36a52f09caa6fded70b4e3e1c89dbd92c326",
                "sha256:3e63498f680547ed24d2c71e6497f24bca791aca2fe116dbc2bd0ac7f191691b",
                "sha256:548430be2740e327b3fe0201abe471f314741efcb0067ec4f2d7dcfb4825f3e4",
                "sha256:6196a5c39286cc37c024cd78834fb9345e464525d8991c21e908cc046d1cc02c",
                "sha256:61b32d06ae8a036a6607805e6720ef00a3c98207038444ba7fd3d169cd998910",
                "sha256:6286efab1ed6e74b7028327365cf7346b1d777d63ab30e21a0f4d5b275fc17d5",
                "sha256:65d98939f1a2e74b58839f8c4dab3b6b3c1ce84972ae712be02845e65391ac7c",
                "sha256:66324e4e1beede9ac79e60f88de548da58b1f8ab4b2f1354d8375774f997e6c0",
                "sha256:6c77c9937962577a6a76917845d06af6ab9197702a42e1346d8ae2e76b5e3675",
                "sha256:70dec29e8ac485dbf57481baee40781c63e381bebea080991893cd297742b8fd",
                "sha256:7250a3fa399f08ec9cb3f7b1b987955d17e044f1ade821b32e5f435130250d7f",
                "sha256:748290bf9112b581c525e6e6d3820621ff020ed95af6f17fedef416b27ed564c",
                "sha256:7da13da6f985aab7f6f28debab00c67ff9cbacd588e8477034c0652ac141feea",
                "sha256:8f959b26f2634a091bb42241c3ed8d3cedb506e7c27b8dd5c7b9f745318ddbb6",
                "sha256:9de9e5188a782be6b1ce866e8a51bc76a0fbaa0e16613823fc38e4fc2556ad05",
                "sha256:a48900ecea1cbb71b8c71c620dee15b62f85f7c14189bdeee54966fbd9a0c5bd",
                "sha256:b87936fd2c317b6ee08a5741ea06b9d11a6074ef4cc42e031bc6403f82a32575",
                "sha256:c77da1263aa361938476f04c4b6c8916001b90b2c2fdd92d8d535e1af48fba5a",
                "sha256:cb5ec8eead331e3bb4ce8066cf06d2dfef1bfb1b2a73082dfe8a161301b76e37",
                "sha256:cc0ee35043162abbf717b7df924597ade8e5395e7b66d18270116f8745ceb795",
                "sha256:d14d30e7f46a0476efb0deb5b61343b1526f73ebb5ed84f23dc794bdb88f9d9f",
                "sha256:d371e811d6b156d82aa5f9a4e08b58debf97c302a35714f6f45e35139c332e32",
                "sha256:d3d20ea5782ba63ed13bc2b8c291a053c8d807a8fa927d941bd718468f7b950c",
                "sha256:d3f7594930c423fd9f5d1a76bee85a2c36fd8b4b16921cae7e965f22575e9c01",
                "sha256:dcef026f608f678c118779cd6591c8af6e9b4155c44e0d1bc0c87c036fb8c8c4",
                "sha256:e0791ac58d91ac58f694d8d2957884df8e4e2f6687cdf367ef7eb7497f79eaa2",
                "sha256:e385b637ac3acaae8022e7e47dfa7b83d3620e432e3ecb9a3f7f58f150e50921",
                "sha256:e519d64089b0876c7b467274468709dadf11e41d65f63bba207e04217f47c085",
                "sha256:e7229e60ac41a1202444497ddde70a48d33909e484f96eb0da9baf8dc68541df",
                "sha256:ed3ad863b1b40cd1d4bd21e7498329ccaece75db5a5bf58cd3c9f130843e7102",
                "sha256:f0ba29bafd8e7e22920567ce0d232c26d4d47c8b5cf4ed7b562b5db39fa199c5",
                "sha256:fa2ba70284fa42c2a5ecb35e322e68823288a4251f9ba9cc77be04ae15eada68",
                "sha256:fba85b6cd9c39be262fcd23865652920832b61583de2a2ca907dbd8e8a8c81e5"
            ],
            "version": "==6.1"
        },
        "traitlets": {
            "hashes": [
                "sha256:178f4ce988f69189f7e523337a3e11d91c786ded9360174a3d9ca83e79bc5396",
                "sha256:69ff3f9d5351f31a7ad80443c2674b7099df13cc41fc5fa6e2f6d3b0330b0426"
            ],
            "version": "==5.0.5"
        },
        "urllib3": {
            "hashes": [
                "sha256:753a0374df26658f99d826cfe40394a686d05985786d946fbe4165b5148f5a7c",
                "sha256:a7acd0977125325f516bda9735fa7142b909a8d01e8b2e4c8108d0984e6e0098"
            ],
            "index": "pypi",
            "version": "==1.26.5"
        },
        "wcwidth": {
            "hashes": [
                "sha256:beb4802a9cebb9144e99086eff703a642a13d6a0052920003a230f3294bbe784",
                "sha256:c4d647b99872929fdb7bdcaa4fbe7f01413ed3d98077df798530e5b04f116c83"
            ],
            "version": "==0.2.5"
        },
        "webencodings": {
            "hashes": [
                "sha256:a0af1213f3c2226497a97e2b3aa01a7e4bee4f403f95be16fc9acd2947514a78",
                "sha256:b36a1c245f2d304965eb4e0a82848379241dc04b865afcc4aab16748587e1923"
            ],
            "version": "==0.5.1"
        },
        "websocket-client": {
            "hashes": [
                "sha256:3e2bf58191d4619b161389a95bdce84ce9e0b24eb8107e7e590db682c2d0ca81",
                "sha256:abf306dc6351dcef07f4d40453037e51cc5d9da2ef60d0fc5d0fe3bcda255372"
            ],
            "version": "==1.0.1"
        }
    },
    "develop": {}
}
