[[package]]
category = "dev"
description = "Atomic file writes."
marker = "sys_platform == \"win32\""
name = "atomicwrites"
optional = false
python-versions = ">=2.7, !=3.0.*, !=3.1.*, !=3.2.*, !=3.3.*"
version = "1.3.0"

[[package]]
category = "dev"
description = "Classes Without Boilerplate"
name = "attrs"
optional = false
python-versions = ">=2.7, !=3.0.*, !=3.1.*, !=3.2.*, !=3.3.*"
version = "19.3.0"

[package.extras]
azure-pipelines = ["coverage", "hypothesis", "pympler", "pytest (>=4.3.0)", "six", "zope.interface", "pytest-azurepipelines"]
dev = ["coverage", "hypothesis", "pympler", "pytest (>=4.3.0)", "six", "zope.interface", "sphinx", "pre-commit"]
docs = ["sphinx", "zope.interface"]
tests = ["coverage", "hypothesis", "pympler", "pytest (>=4.3.0)", "six", "zope.interface"]

[[package]]
category = "main"
description = "Python package for providing Mozilla's CA Bundle."
name = "certifi"
optional = false
python-versions = "*"
version = "2020.4.5.1"

[[package]]
category = "main"
description = "Universal encoding detector for Python 2 and 3"
name = "chardet"
optional = false
python-versions = "*"
version = "3.0.4"

[[package]]
category = "dev"
description = "Cross-platform colored terminal text."
marker = "sys_platform == \"win32\""
name = "colorama"
optional = false
python-versions = ">=2.7, !=3.0.*, !=3.1.*, !=3.2.*, !=3.3.*, !=3.4.*"
version = "0.4.3"

[[package]]
category = "main"
description = "Internationalized Domain Names in Applications (IDNA)"
name = "idna"
optional = false
python-versions = ">=2.7, !=3.0.*, !=3.1.*, !=3.2.*, !=3.3.*"
version = "2.9"

[[package]]
category = "dev"
description = "More routines for operating on iterables, beyond itertools"
name = "more-itertools"
optional = false
python-versions = ">=3.5"
version = "8.2.0"

[[package]]
category = "main"
description = "NumPy is the fundamental package for array computing with Python."
name = "numpy"
optional = false
python-versions = ">=3.5"
version = "1.18.2"

[[package]]
category = "dev"
description = "Core utilities for Python packages"
name = "packaging"
optional = false
python-versions = ">=2.7, !=3.0.*, !=3.1.*, !=3.2.*, !=3.3.*"
version = "20.3"

[package.dependencies]
pyparsing = ">=2.0.2"
six = "*"

[[package]]
category = "main"
description = "Powerful data structures for data analysis, time series, and statistics"
name = "pandas"
optional = false
python-versions = ">=3.6.1"
version = "1.0.3"

[package.dependencies]
numpy = ">=1.13.3"
python-dateutil = ">=2.6.1"
pytz = ">=2017.2"

[package.extras]
test = ["pytest (>=4.0.2)", "pytest-xdist", "hypothesis (>=3.58)"]

[[package]]
category = "dev"
description = "plugin and hook calling mechanisms for python"
name = "pluggy"
optional = false
python-versions = ">=2.7, !=3.0.*, !=3.1.*, !=3.2.*, !=3.3.*"
version = "0.13.1"

[package.extras]
dev = ["pre-commit", "tox"]

[[package]]
category = "dev"
description = "library with cross-python path, ini-parsing, io, code, log facilities"
name = "py"
optional = false
python-versions = ">=2.7, !=3.0.*, !=3.1.*, !=3.2.*, !=3.3.*"
version = "1.8.1"

[[package]]
category = "dev"
description = "Python parsing module"
name = "pyparsing"
optional = false
python-versions = ">=2.6, !=3.0.*, !=3.1.*, !=3.2.*"
version = "2.4.7"

[[package]]
category = "dev"
description = "pytest: simple powerful testing with Python"
name = "pytest"
optional = false
python-versions = ">=3.5"
version = "5.4.1"

[package.dependencies]
atomicwrites = ">=1.0"
attrs = ">=17.4.0"
colorama = "*"
more-itertools = ">=4.0.0"
packaging = "*"
pluggy = ">=0.12,<1.0"
py = ">=1.5.0"
wcwidth = "*"

[package.extras]
checkqa-mypy = ["mypy (v0.761)"]
testing = ["argcomplete", "hypothesis (>=3.56)", "mock", "nose", "requests", "xmlschema"]

[[package]]
category = "main"
description = "Extensions to the standard Python datetime module"
name = "python-dateutil"
optional = false
python-versions = "!=3.0.*,!=3.1.*,!=3.2.*,>=2.7"
version = "2.8.1"

[package.dependencies]
six = ">=1.5"

[[package]]
category = "main"
description = "World timezone definitions, modern and historical"
name = "pytz"
optional = false
python-versions = "*"
version = "2019.3"

[[package]]
category = "main"
description = "Python HTTP for Humans."
name = "requests"
optional = false
python-versions = ">=2.7, !=3.0.*, !=3.1.*, !=3.2.*, !=3.3.*, !=3.4.*"
version = "2.23.0"

[package.dependencies]
certifi = ">=2017.4.17"
chardet = ">=3.0.2,<4"
idna = ">=2.5,<3"
urllib3 = ">=1.21.1,<1.25.0 || >1.25.0,<1.25.1 || >1.25.1,<1.26"

[package.extras]
security = ["pyOpenSSL (>=0.14)", "cryptography (>=1.3.4)"]
socks = ["PySocks (>=1.5.6,<1.5.7 || >1.5.7)", "win-inet-pton"]

[[package]]
category = "main"
description = "Python 2 and 3 compatibility utilities"
name = "six"
optional = false
python-versions = ">=2.7, !=3.0.*, !=3.1.*, !=3.2.*"
version = "1.14.0"

[[package]]
category = "main"
description = "HTTP library with thread-safe connection pooling, file post, and more."
name = "urllib3"
optional = false
python-versions = ">=2.7, !=3.0.*, !=3.1.*, !=3.2.*, !=3.3.*, !=3.4.*, <4"
version = "1.25.8"

[package.extras]
brotli = ["brotlipy (>=0.6.0)"]
secure = ["pyOpenSSL (>=0.14)", "cryptography (>=1.3.4)", "idna (>=2.0.0)", "certifi", "ipaddress"]
socks = ["PySocks (>=1.5.6,<1.5.7 || >1.5.7,<2.0)"]

[[package]]
category = "dev"
description = "Measures number of Terminal column cells of wide-character codes"
name = "wcwidth"
optional = false
python-versions = "*"
version = "0.1.9"

[metadata]
content-hash = "b3704446e759cadefae5b0909c988a9ed51cbe63ed847f85d7a56101d69e191c"
python-versions = "^3.8"

[metadata.files]
atomicwrites = [
    {file = "atomicwrites-1.3.0-py2.py3-none-any.whl", hash = "sha256:03472c30eb2c5d1ba9227e4c2ca66ab8287fbfbbda3888aa93dc2e28fc6811b4"},
    {file = "atomicwrites-1.3.0.tar.gz", hash = "sha256:75a9445bac02d8d058d5e1fe689654ba5a6556a1dfd8ce6ec55a0ed79866cfa6"},
]
attrs = [
    {file = "attrs-19.3.0-py2.py3-none-any.whl", hash = "sha256:08a96c641c3a74e44eb59afb61a24f2cb9f4d7188748e76ba4bb5edfa3cb7d1c"},
    {file = "attrs-19.3.0.tar.gz", hash = "sha256:f7b7ce16570fe9965acd6d30101a28f62fb4a7f9e926b3bbc9b61f8b04247e72"},
]
certifi = [
    {file = "certifi-2020.4.5.1-py2.py3-none-any.whl", hash = "sha256:1d987a998c75633c40847cc966fcf5904906c920a7f17ef374f5aa4282abd304"},
    {file = "certifi-2020.4.5.1.tar.gz", hash = "sha256:51fcb31174be6e6664c5f69e3e1691a2d72a1a12e90f872cbdb1567eb47b6519"},
]
chardet = [
    {file = "chardet-3.0.4-py2.py3-none-any.whl", hash = "sha256:fc323ffcaeaed0e0a02bf4d117757b98aed530d9ed4531e3e15460124c106691"},
    {file = "chardet-3.0.4.tar.gz", hash = "sha256:84ab92ed1c4d4f16916e05906b6b75a6c0fb5db821cc65e70cbd64a3e2a5eaae"},
]
colorama = [
    {file = "colorama-0.4.3-py2.py3-none-any.whl", hash = "sha256:7d73d2a99753107a36ac6b455ee49046802e59d9d076ef8e47b61499fa29afff"},
    {file = "colorama-0.4.3.tar.gz", hash = "sha256:e96da0d330793e2cb9485e9ddfd918d456036c7149416295932478192f4436a1"},
]
idna = [
    {file = "idna-2.9-py2.py3-none-any.whl", hash = "sha256:a068a21ceac8a4d63dbfd964670474107f541babbd2250d61922f029858365fa"},
    {file = "idna-2.9.tar.gz", hash = "sha256:7588d1c14ae4c77d74036e8c22ff447b26d0fde8f007354fd48a7814db15b7cb"},
]
more-itertools = [
    {file = "more-itertools-8.2.0.tar.gz", hash = "sha256:b1ddb932186d8a6ac451e1d95844b382f55e12686d51ca0c68b6f61f2ab7a507"},
    {file = "more_itertools-8.2.0-py3-none-any.whl", hash = "sha256:5dd8bcf33e5f9513ffa06d5ad33d78f31e1931ac9a18f33d37e77a180d393a7c"},
]
numpy = [
    {file = "numpy-1.18.2-cp35-cp35m-macosx_10_9_x86_64.whl", hash = "sha256:a1baa1dc8ecd88fb2d2a651671a84b9938461e8a8eed13e2f0a812a94084d1fa"},
    {file = "numpy-1.18.2-cp35-cp35m-manylinux1_i686.whl", hash = "sha256:a244f7af80dacf21054386539699ce29bcc64796ed9850c99a34b41305630286"},
    {file = "numpy-1.18.2-cp35-cp35m-manylinux1_x86_64.whl", hash = "sha256:6fcc5a3990e269f86d388f165a089259893851437b904f422d301cdce4ff25c8"},
    {file = "numpy-1.18.2-cp35-cp35m-win32.whl", hash = "sha256:b5ad0adb51b2dee7d0ee75a69e9871e2ddfb061c73ea8bc439376298141f77f5"},
    {file = "numpy-1.18.2-cp35-cp35m-win_amd64.whl", hash = "sha256:87902e5c03355335fc5992a74ba0247a70d937f326d852fc613b7f53516c0963"},
    {file = "numpy-1.18.2-cp36-cp36m-macosx_10_9_x86_64.whl", hash = "sha256:9ab21d1cb156a620d3999dd92f7d1c86824c622873841d6b080ca5495fa10fef"},
    {file = "numpy-1.18.2-cp36-cp36m-manylinux1_i686.whl", hash = "sha256:cdb3a70285e8220875e4d2bc394e49b4988bdb1298ffa4e0bd81b2f613be397c"},
    {file = "numpy-1.18.2-cp36-cp36m-manylinux1_x86_64.whl", hash = "sha256:6d205249a0293e62bbb3898c4c2e1ff8a22f98375a34775a259a0523111a8f6c"},
    {file = "numpy-1.18.2-cp36-cp36m-win32.whl", hash = "sha256:a35af656a7ba1d3decdd4fae5322b87277de8ac98b7d9da657d9e212ece76a61"},
    {file = "numpy-1.18.2-cp36-cp36m-win_amd64.whl", hash = "sha256:1598a6de323508cfeed6b7cd6c4efb43324f4692e20d1f76e1feec7f59013448"},
    {file = "numpy-1.18.2-cp37-cp37m-macosx_10_9_x86_64.whl", hash = "sha256:deb529c40c3f1e38d53d5ae6cd077c21f1d49e13afc7936f7f868455e16b64a0"},
    {file = "numpy-1.18.2-cp37-cp37m-manylinux1_i686.whl", hash = "sha256:cd77d58fb2acf57c1d1ee2835567cd70e6f1835e32090538f17f8a3a99e5e34b"},
    {file = "numpy-1.18.2-cp37-cp37m-manylinux1_x86_64.whl", hash = "sha256:b1fe1a6f3a6f355f6c29789b5927f8bd4f134a4bd9a781099a7c4f66af8850f5"},
    {file = "numpy-1.18.2-cp37-cp37m-win32.whl", hash = "sha256:2e40be731ad618cb4974d5ba60d373cdf4f1b8dcbf1dcf4d9dff5e212baf69c5"},
    {file = "numpy-1.18.2-cp37-cp37m-win_amd64.whl", hash = "sha256:4ba59db1fcc27ea31368af524dcf874d9277f21fd2e1f7f1e2e0c75ee61419ed"},
    {file = "numpy-1.18.2-cp38-cp38-macosx_10_9_x86_64.whl", hash = "sha256:59ca9c6592da581a03d42cc4e270732552243dc45e87248aa8d636d53812f6a5"},
    {file = "numpy-1.18.2-cp38-cp38-manylinux1_i686.whl", hash = "sha256:1b0ece94018ae21163d1f651b527156e1f03943b986188dd81bc7e066eae9d1c"},
    {file = "numpy-1.18.2-cp38-cp38-manylinux1_x86_64.whl", hash = "sha256:82847f2765835c8e5308f136bc34018d09b49037ec23ecc42b246424c767056b"},
    {file = "numpy-1.18.2-cp38-cp38-win32.whl", hash = "sha256:5e0feb76849ca3e83dd396254e47c7dba65b3fa9ed3df67c2556293ae3e16de3"},
    {file = "numpy-1.18.2-cp38-cp38-win_amd64.whl", hash = "sha256:ba3c7a2814ec8a176bb71f91478293d633c08582119e713a0c5351c0f77698da"},
    {file = "numpy-1.18.2.zip", hash = "sha256:e7894793e6e8540dbeac77c87b489e331947813511108ae097f1715c018b8f3d"},
]
packaging = [
    {file = "packaging-20.3-py2.py3-none-any.whl", hash = "sha256:82f77b9bee21c1bafbf35a84905d604d5d1223801d639cf3ed140bd651c08752"},
    {file = "packaging-20.3.tar.gz", hash = "sha256:3c292b474fda1671ec57d46d739d072bfd495a4f51ad01a055121d81e952b7a3"},
]
pandas = [
    {file = "pandas-1.0.3-cp36-cp36m-macosx_10_9_x86_64.whl", hash = "sha256:d234bcf669e8b4d6cbcd99e3ce7a8918414520aeb113e2a81aeb02d0a533d7f7"},
    {file = "pandas-1.0.3-cp36-cp36m-manylinux1_i686.whl", hash = "sha256:ca84a44cf727f211752e91eab2d1c6c1ab0f0540d5636a8382a3af428542826e"},
    {file = "pandas-1.0.3-cp36-cp36m-manylinux1_x86_64.whl", hash = "sha256:1fa4bae1a6784aa550a1c9e168422798104a85bf9c77a1063ea77ee6f8452e3a"},
    {file = "pandas-1.0.3-cp36-cp36m-win32.whl", hash = "sha256:863c3e4b7ae550749a0bb77fa22e601a36df9d2905afef34a6965bed092ba9e5"},
    {file = "pandas-1.0.3-cp36-cp36m-win_amd64.whl", hash = "sha256:a210c91a02ec5ff05617a298ad6f137b9f6f5771bf31f2d6b6367d7f71486639"},
    {file = "pandas-1.0.3-cp37-cp37m-macosx_10_9_x86_64.whl", hash = "sha256:11c7cb654cd3a0e9c54d81761b5920cdc86b373510d829461d8f2ed6d5905266"},
    {file = "pandas-1.0.3-cp37-cp37m-manylinux1_i686.whl", hash = "sha256:6597df07ea361231e60c00692d8a8099b519ed741c04e65821e632bc9ccb924c"},
    {file = "pandas-1.0.3-cp37-cp37m-manylinux1_x86_64.whl", hash = "sha256:743bba36e99d4440403beb45a6f4f3a667c090c00394c176092b0b910666189b"},
    {file = "pandas-1.0.3-cp37-cp37m-win32.whl", hash = "sha256:07c1b58936b80eafdfe694ce964ac21567b80a48d972879a359b3ebb2ea76835"},
    {file = "pandas-1.0.3-cp37-cp37m-win_amd64.whl", hash = "sha256:12f492dd840e9db1688126216706aa2d1fcd3f4df68a195f9479272d50054645"},
    {file = "pandas-1.0.3-cp38-cp38-macosx_10_9_x86_64.whl", hash = "sha256:0ebe327fb088df4d06145227a4aa0998e4f80a9e6aed4b61c1f303bdfdf7c722"},
    {file = "pandas-1.0.3-cp38-cp38-manylinux1_i686.whl", hash = "sha256:858a0d890d957ae62338624e4aeaf1de436dba2c2c0772570a686eaca8b4fc85"},
    {file = "pandas-1.0.3-cp38-cp38-manylinux1_x86_64.whl", hash = "sha256:387dc7b3c0424327fe3218f81e05fc27832772a5dffbed385013161be58df90b"},
    {file = "pandas-1.0.3-cp38-cp38-win32.whl", hash = "sha256:167a1315367cea6ec6a5e11e791d9604f8e03f95b57ad227409de35cf850c9c5"},
    {file = "pandas-1.0.3-cp38-cp38-win_amd64.whl", hash = "sha256:1a7c56f1df8d5ad8571fa251b864231f26b47b59cbe41aa5c0983d17dbb7a8e4"},
    {file = "pandas-1.0.3.tar.gz", hash = "sha256:32f42e322fb903d0e189a4c10b75ba70d90958cc4f66a1781ed027f1a1d14586"},
]
pluggy = [
    {file = "pluggy-0.13.1-py2.py3-none-any.whl", hash = "sha256:966c145cd83c96502c3c3868f50408687b38434af77734af1e9ca461a4081d2d"},
    {file = "pluggy-0.13.1.tar.gz", hash = "sha256:15b2acde666561e1298d71b523007ed7364de07029219b604cf808bfa1c765b0"},
]
py = [
    {file = "py-1.8.1-py2.py3-none-any.whl", hash = "sha256:c20fdd83a5dbc0af9efd622bee9a5564e278f6380fffcacc43ba6f43db2813b0"},
    {file = "py-1.8.1.tar.gz", hash = "sha256:5e27081401262157467ad6e7f851b7aa402c5852dbcb3dae06768434de5752aa"},
]
pyparsing = [
    {file = "pyparsing-2.4.7-py2.py3-none-any.whl", hash = "sha256:ef9d7589ef3c200abe66653d3f1ab1033c3c419ae9b9bdb1240a85b024efc88b"},
    {file = "pyparsing-2.4.7.tar.gz", hash = "sha256:c203ec8783bf771a155b207279b9bccb8dea02d8f0c9e5f8ead507bc3246ecc1"},
]
pytest = [
    {file = "pytest-5.4.1-py3-none-any.whl", hash = "sha256:0e5b30f5cb04e887b91b1ee519fa3d89049595f428c1db76e73bd7f17b09b172"},
    {file = "pytest-5.4.1.tar.gz", hash = "sha256:84dde37075b8805f3d1f392cc47e38a0e59518fb46a431cfdaf7cf1ce805f970"},
]
python-dateutil = [
    {file = "python-dateutil-2.8.1.tar.gz", hash = "sha256:73ebfe9dbf22e832286dafa60473e4cd239f8592f699aa5adaf10050e6e1823c"},
    {file = "python_dateutil-2.8.1-py2.py3-none-any.whl", hash = "sha256:75bb3f31ea686f1197762692a9ee6a7550b59fc6ca3a1f4b5d7e32fb98e2da2a"},
]
pytz = [
    {file = "pytz-2019.3-py2.py3-none-any.whl", hash = "sha256:1c557d7d0e871de1f5ccd5833f60fb2550652da6be2693c1e02300743d21500d"},
    {file = "pytz-2019.3.tar.gz", hash = "sha256:b02c06db6cf09c12dd25137e563b31700d3b80fcc4ad23abb7a315f2789819be"},
]
requests = [
    {file = "requests-2.23.0-py2.py3-none-any.whl", hash = "sha256:43999036bfa82904b6af1d99e4882b560e5e2c68e5c4b0aa03b655f3d7d73fee"},
    {file = "requests-2.23.0.tar.gz", hash = "sha256:b3f43d496c6daba4493e7c431722aeb7dbc6288f52a6e04e7b6023b0247817e6"},
]
six = [
    {file = "six-1.14.0-py2.py3-none-any.whl", hash = "sha256:8f3cd2e254d8f793e7f3d6d9df77b92252b52637291d0f0da013c76ea2724b6c"},
    {file = "six-1.14.0.tar.gz", hash = "sha256:236bdbdce46e6e6a3d61a337c0f8b763ca1e8717c03b369e87a7ec7ce1319c0a"},
]
urllib3 = [
    {file = "urllib3-1.25.8-py2.py3-none-any.whl", hash = "sha256:2f3db8b19923a873b3e5256dc9c2dedfa883e33d87c690d9c7913e1f40673cdc"},
    {file = "urllib3-1.25.8.tar.gz", hash = "sha256:87716c2d2a7121198ebcb7ce7cccf6ce5e9ba539041cfbaeecfb641dc0bf6acc"},
]
wcwidth = [
    {file = "wcwidth-0.1.9-py2.py3-none-any.whl", hash = "sha256:cafe2186b3c009a04067022ce1dcd79cb38d8d65ee4f4791b8888d6599d1bbe1"},
    {file = "wcwidth-0.1.9.tar.gz", hash = "sha256:ee73862862a156bf77ff92b09034fc4825dd3af9cf81bc5b360668d425f3c5f1"},
]
